
Microsoft Visual Studio Solution File, Format Version 12.00
# Visual Studio Version 16
VisualStudioVersion = 16.0.31410.357
MinimumVisualStudioVersion = 10.0.40219.1
Project("{8BC9CEB8-8B4A-11D0-8D11-00A0C91BC942}") = "ZPCIL_test", "ZPCIL_test\ZPCIL_test.vcxproj", "{4CBF7878-0685-4937-AFD7-F0075A5B0594}"
EndProject
Global
	GlobalSection(SolutionConfigurationPlatforms) = preSolution
		Debug|x64 = Debug|x64
		Debug|x86 = Debug|x86
		Release|x64 = Release|x64
		Release|x86 = Release|x86
	EndGlobalSection
	GlobalSection(ProjectConfigurationPlatforms) = postSolution
		{4CBF7878-0685-4937-AFD7-F0075A5B0594}.Debug|x64.ActiveCfg = Debug|x64
		{4CBF7878-0685-4937-AFD7-F0075A5B0594}.Debug|x64.Build.0 = Debug|x64
		{4CBF7878-0685-4937-AFD7-F0075A5B0594}.Debug|x86.ActiveCfg = Debug|Win32
		{4CBF7878-0685-4937-AFD7-F0075A5B0594}.Debug|x86.Build.0 = Debug|Win32
		{4CBF7878-0685-4937-AFD7-F0075A5B0594}.Release|x64.ActiveCfg = Release|x64
		{4CBF7878-0685-4937-AFD7-F0075A5B0594}.Release|x64.Build.0 = Release|x64
		{4CBF7878-0685-4937-AFD7-F0075A5B0594}.Release|x86.ActiveCfg = Release|Win32
		{4CBF7878-0685-4937-AFD7-F0075A5B0594}.Release|x86.Build.0 = Release|Win32
	EndGlobalSection
	GlobalSection(SolutionProperties) = preSolution
		HideSolutionNode = FALSE
	EndGlobalSection
	GlobalSection(ExtensibilityGlobals) = postSolution
		SolutionGuid = {2530AA94-FA7D-44BA-90EA-85FF8E867969}
	EndGlobalSection
EndGlobal
